
Microsoft Visual Studio Solution File, Format Version 12.00
# Visual Studio Version 16
VisualStudioVersion = 16.0.29201.188
MinimumVisualStudioVersion = 10.0.40219.1
Project("{9A19103F-16F7-4668-BE54-9A1E7A4F7556}") = "GradeBook.Tests", "GradeBook.Tests\GradeBook.Tests.csproj", "{CFEC5328-C128-47AE-9E06-E986B46E58E3}"
EndProject
Project("{9A19103F-16F7-4668-BE54-9A1E7A4F7556}") = "GradeBook", "..\GradeBook\GradeBook\GradeBook.csproj", "{C7B78E7C-C87C-4FC5-BB07-51FBA3E46515}"
EndProject
Global
	GlobalSection(SolutionConfigurationPlatforms) = preSolution
		Debug|Any CPU = Debug|Any CPU
		Release|Any CPU = Release|Any CPU
	EndGlobalSection
	GlobalSection(ProjectConfigurationPlatforms) = postSolution
		{CFEC5328-C128-47AE-9E06-E986B46E58E3}.Debug|Any CPU.ActiveCfg = Debug|Any CPU
		{CFEC5328-C128-47AE-9E06-E986B46E58E3}.Debug|Any CPU.Build.0 = Debug|Any CPU
		{CFEC5328-C128-47AE-9E06-E986B46E58E3}.Release|Any CPU.ActiveCfg = Release|Any CPU
		{CFEC5328-C128-47AE-9E06-E986B46E58E3}.Release|Any CPU.Build.0 = Release|Any CPU
		{C7B78E7C-C87C-4FC5-BB07-51FBA3E46515}.Debug|Any CPU.ActiveCfg = Debug|Any CPU
		{C7B78E7C-C87C-4FC5-BB07-51FBA3E46515}.Debug|Any CPU.Build.0 = Debug|Any CPU
		{C7B78E7C-C87C-4FC5-BB07-51FBA3E46515}.Release|Any CPU.ActiveCfg = Release|Any CPU
		{C7B78E7C-C87C-4FC5-BB07-51FBA3E46515}.Release|Any CPU.Build.0 = Release|Any CPU
	EndGlobalSection
	GlobalSection(SolutionProperties) = preSolution
		HideSolutionNode = FALSE
	EndGlobalSection
	GlobalSection(ExtensibilityGlobals) = postSolution
		SolutionGuid = {E2CBF6D2-215E-4D09-BEED-86FBD916DF11}
	EndGlobalSection
EndGlobal
